{
  "name": "vscode-language-fsh",
  "version": "1.17.0",
  "lockfileVersion": 2,
  "requires": true,
  "packages": {
    "": {
      "name": "vscode-language-fsh",
      "version": "1.17.0",
      "license": "Apache-2.0",
      "devDependencies": {
        "@types/vscode": "^1.92.0"
      },
      "engines": {
        "vscode": "^1.92.0"
      }
    },
    "node_modules/@types/vscode": {
      "version": "1.93.0",
      "resolved": "https://registry.npmjs.org/@types/vscode/-/vscode-1.93.0.tgz",
      "integrity": "sha512-kUK6jAHSR5zY8ps42xuW89NLcBpw1kOabah7yv38J8MyiYuOHxLQBi0e7zeXbQgVefDy/mZZetqEFC+Fl5eIEQ==",
      "dev": true,
      "license": "MIT"
    }
  },
  "dependencies": {
    "@types/vscode": {
      "version": "1.93.0",
      "resolved": "https://registry.npmjs.org/@types/vscode/-/vscode-1.93.0.tgz",
      "integrity": "sha512-kUK6jAHSR5zY8ps42xuW89NLcBpw1kOabah7yv38J8MyiYuOHxLQBi0e7zeXbQgVefDy/mZZetqEFC+Fl5eIEQ==",
      "dev": true
    }
  }
}
